
Microsoft Visual Studio Solution File, Format Version 12.00
# Visual Studio 15
VisualStudioVersion = 15.0.26730.12
MinimumVisualStudioVersion = 10.0.40219.1
Project("{FAE04EC0-301F-11D3-BF4B-00C04F79EFBC}") = "WpfApp15", "WpfApp15\WpfApp15.csproj", "{95B97576-C805-42E5-83FE-451ADE3DBE24}"
EndProject
Global
	GlobalSection(SolutionConfigurationPlatforms) = preSolution
		Debug|Any CPU = Debug|Any CPU
		Release|Any CPU = Release|Any CPU
	EndGlobalSection
	GlobalSection(ProjectConfigurationPlatforms) = postSolution
		{95B97576-C805-42E5-83FE-451ADE3DBE24}.Debug|Any CPU.ActiveCfg = Debug|Any CPU
		{95B97576-C805-42E5-83FE-451ADE3DBE24}.Debug|Any CPU.Build.0 = Debug|Any CPU
		{95B97576-C805-42E5-83FE-451ADE3DBE24}.Release|Any CPU.ActiveCfg = Release|Any CPU
		{95B97576-C805-42E5-83FE-451ADE3DBE24}.Release|Any CPU.Build.0 = Release|Any CPU
	EndGlobalSection
	GlobalSection(SolutionProperties) = preSolution
		HideSolutionNode = FALSE
	EndGlobalSection
	GlobalSection(ExtensibilityGlobals) = postSolution
		SolutionGuid = {E3204380-A468-4D24-B443-DD5E445B742F}
	EndGlobalSection
EndGlobal
